dependencies:
- name: prometheus
  repository: https://prometheus-community.github.io/helm-charts
  version: 26.1.0
- name: grafana
  repository: https://grafana.github.io/helm-charts
  version: 8.8.2
- name: tempo
  repository: https://grafana.github.io/helm-charts
  version: 1.16.0
- name: k6-operator
  repository: https://grafana.github.io/helm-charts
  version: 3.10.1
- name: opentelemetry-collector
  repository: https://open-telemetry.github.io/opentelemetry-helm-charts
  version: 0.111.1
digest: sha256:615862100850b27b5f2b549754711132f7989d65829865a085a54ae3eb7d6ccf
generated: "2025-01-09T10:09:08.744619-07:00"
