[blobstore]
path = "../../runtime/wit/deps/blobstore"
sha256 = "20cef78d42a6b933a6fd46b06275119219e22197dc33c4426df3b2a4c5562dbc"
sha512 = "f0ae942f356f6ec5ff23451dddf638042ab120cf8aea858b45dae5f467b3f60f5442802912963e6cd9ede84a216aabaee930917f062c0906fe2124e52d5d118b"

[cli]
path = "../../runtime/wit/deps/cli"
sha256 = "1de50b8e6940e73110cda10b7f90ca87a8fea886f0fa36c748f96dc70671ee38"
sha512 = "bbb6cd3e7b4d3237b6af9bfbb2633ccd2c4ea2a4f37b8c033255c7e0c1cb037be7f22ec1f8ca792cc8ec1942199582943979e646b4b272b85dcff7654eac51d0"

[clocks]
path = "../../runtime/wit/deps/clocks"
sha256 = "ea9d69ee803bc176e23e5268f5e24a2ac485dd1f62a0ab4c748e9d3f901f576f"
sha512 = "5efc22927c46cd56c41e5549ec775561c7fac2ea0d365abc0b55396d9475a7c9f984077a81f84a44a726f1c008fd2fadbffffa4fa53ecd5fbfd05afd379ab428"

[config]
path = "../../runtime/wit/deps/config"
sha256 = "9148c06861712b69170af7b8ec37896b4104297d920fdec9f3bcc0b1eee4a5c8"
sha512 = "25a54101620f279c835b39f56f6dbf8a92b374b6faaf6cf6aaa1ea06d8b97b9b79788cf8abd9c2ad0c11e3629dba6a2513b71f2c54b9f95027054ae54a4615b8"

[filesystem]
path = "../../runtime/wit/deps/filesystem"
sha256 = "cfe8c420e8b857de612ae2a3336680dae16b95c93c8ba3a6ff05b21210966740"
sha512 = "3c00c5544a58658e3e8025677091685286027fd49f37abf198c30b4e83b9e68f19723975aaa98794fba9f425ae9ef4f3dc0f5b9cf59203b5ecfaadf62b296f9a"

[http]
path = "../../runtime/wit/deps/http"
sha256 = "ff21e05571af02488371bebc9cb674e30e0613eda22e3c1d8e1aba36cdff5ee8"
sha512 = "1825b56f1718e822acf1b49929ead8f6493752b1d3524ce0974c3acdf656af2fc3fe5c8456b71ffab44583bc3ae7061d5a285d8a7203fcae949d44b3d81e2f2b"

[io]
path = "../../runtime/wit/deps/io"
sha256 = "2a74bd811adc46b5a0f19827ddbde89870e52b17615f4d0873f06fd977250caf"
sha512 = "94624f00c66e66203592cee820f80b1ba91ecdb71f682c154f25eaf71f8d8954197dcb64503bc21e72ed5e812af7eae876df47b7eb727b02db3a74a7ce0aefca"

[keyvalue]
path = "../../runtime/wit/deps/keyvalue"
sha256 = "d2de617fe31ec0abc6072f75f97dd22bf95b3231d5b3111471d73871df9081cd"
sha512 = "6f0b4e44c684d760c54552e2bde9bc976e0a4f6525fc1d47acb98625e030847276436242f42a41f4da1bb9169fb2968c53d659d61af9b2f709f4eb6f9880e2c7"

[logging]
path = "../../runtime/wit/deps/logging"
sha256 = "9676b482485bb0fd2751a390374c1108865a096b7037f4b5dbe524f066bfb06e"
sha512 = "30a621a6d48a0175e8047c062e618523a85f69c45a7c31918da2b888f7527fce1aca67fa132552222725d0f6cdcaed95be7f16c28488d9468c0fad00cb7450b9"

[messaging]
path = "../../runtime/wit/deps/messaging"
sha256 = "41ada083aceb2b4ba92d9bd16d19b6462cc02b10378c9a49135c3447f9138a44"
sha512 = "aa9c819dfd9e85b19661f6087ffd824c44fc38c8a4bc1005c4e7fd34fe844633c52cae7a0412e9ea90f71826e0660e8a3b5672a0f0303c524e4139643ae675ac"

[random]
path = "../../runtime/wit/deps/random"
sha256 = "9e2d5056186f81b2e7f96bc97d2babd0341840f6abb4f170449b70992f1b598f"
sha512 = "67bf41d8d5d4b7af084124ee85196585225785969059f59e2f9ddb77ac1a8095cfe811ae29d076aac817418fa01064d7b9fbc0233930bace680758eeb21e36f8"

[sockets]
path = "../../runtime/wit/deps/sockets"
sha256 = "4c361137a7e61e8b9a73da2a0899dd9ad1a0c2dfee7d310cf168704c57b7a07c"
sha512 = "348b4ef381f57aec23d48537df8b69ab8963587dcb056e94c4cd5657e217677a4ee2a545868a5c829d2334cc6b8b0a61d3e72797999f44d78553fbd3a73c5b8d"

[wasmcloud]
path = "../../../wit/bus/wit"
sha256 = "b4946a8bfa48b2f4ac404de03617d25712879596be5417bde3de09ca9c369462"
sha512 = "09918bb2fa8f7af022f71453348be38ec7fd1a35df6809b8d0c5f246856712f969557ff65d9e5d4619e905191e27fba2fbbcc9f38c777a7b09eb73c30909d33f"
