[custom]
path = "../../wit"
sha256 = "3af8ebbb348273a8a541440c4fbad2c739d03257903ab172d6722c68a694f86c"
sha512 = "2d83b11fd3ac592c4ed87a05feefae1d26803b626f5a425a109202196b6d951bfb407cb4f97c6209891ef70aeb3b86b8b8338c880d46fc1976fa7a9b5ca7201b"

[logging]
url = "https://github.com/WebAssembly/wasi-logging/archive/d31c41d0d9eed81aabe02333d0025d42acf3fb75.tar.gz"
sha256 = "ad81d8b7f7a8ceb729cf551f1d24586f0de9560a43eea57a9bb031d2175804e1"
sha512 = "1687ad9a02ab3e689443e67d1a0605f58fc5dea828d2e4d2c7825c6002714fac9bd4289b1a68b61a37dcca6c3b421f4c8ed4b1e6cc29f6460e0913cf1bf11c04"
