# This file is automatically generated.
# It is not intended for manual editing.
version = 1

[[packages]]
name = "wasmcloud:postgres"
registry = "wasmcloud.com"

[[packages.versions]]
requirement = "=0.1.1-draft"
version = "0.1.1-draft"
digest = "sha256:8bb72ea90cecb5c87e463da8c1a7642b61a44e6c7993fcab6112c03f44a9140a"
