[email]
url = "https://github.com/vados-cosmonic/email-wit/archive/main.tar.gz"
sha256 = "a804005d09ac94e473e418a68d2723d168b6cf8b6800e81e49171ea3e14fa592"
sha512 = "487324291231c332fa23f347d1f081f570e4436d90c72449bc46526e243ad7487b0d3a7f14f6aa5c189234f6edf06398fd4d8239e4d0f82497f3a50892913d79"

[logging]
url = "https://github.com/WebAssembly/wasi-logging/archive/main.tar.gz"
sha256 = "9676b482485bb0fd2751a390374c1108865a096b7037f4b5dbe524f066bfb06e"
sha512 = "30a621a6d48a0175e8047c062e618523a85f69c45a7c31918da2b888f7527fce1aca67fa132552222725d0f6cdcaed95be7f16c28488d9468c0fad00cb7450b9"
