{
  "nodes": {
    "advisory-db": {
      "flake": false,
      "locked": {
        "lastModified": 1685821301,
        "narHash": "sha256-4XRcnSboLJw1XKjDpg2jBU70jEw/8Bgx4nUmnq3kXbY=",
        "owner": "rustsec",
        "repo": "advisory-db",
        "rev": "af3f3d503f82056785841bee49997bae65eba1c0",
        "type": "github"
      },
      "original": {
        "owner": "rustsec",
        "repo": "advisory-db",
        "type": "github"
      }
    },
    "crane": {
      "inputs": {
        "flake-compat": "flake-compat",
        "flake-utils": [
          "nixify",
          "flake-utils"
        ],
        "nixpkgs": [
          "nixify",
          "nixpkgs"
        ],
        "rust-overlay": [
          "nixify",
          "rust-overlay"
        ]
      },
      "locked": {
        "lastModified": 1681380356,
        "narHash": "sha256-YjO9N6QKIhoDCt67HBHPb7mM4mPgAs8+XV4uoCo7FGY=",
        "owner": "rvolosatovs",
        "repo": "crane",
        "rev": "5395efb0534e3405be794715ccf65504488cfb60",
        "type": "github"
      },
      "original": {
        "owner": "rvolosatovs",
        "ref": "feat/crate-types",
        "repo": "crane",
        "type": "github"
      }
    },
    "crane_2": {
      "inputs": {
        "flake-compat": "flake-compat_2",
        "flake-utils": [
          "nixify",
          "nix-log",
          "nixify",
          "flake-utils"
        ],
        "nixpkgs": [
          "nixify",
          "nix-log",
          "nixify",
          "nixpkgs"
        ],
        "rust-overlay": [
          "nixify",
          "nix-log",
          "nixify",
          "rust-overlay"
        ]
      },
      "locked": {
        "lastModified": 1679255352,
        "narHash": "sha256-nkGwGuNkhNrnN33S4HIDV5NzkzMLU5mNStRn9sZwq8c=",
        "owner": "rvolosatovs",
        "repo": "crane",
        "rev": "cec65880599a4ec6426186e24342e663464f5933",
        "type": "github"
      },
      "original": {
        "owner": "rvolosatovs",
        "ref": "feat/wit",
        "repo": "crane",
        "type": "github"
      }
    },
    "crane_3": {
      "inputs": {
        "flake-compat": "flake-compat_3",
        "flake-utils": [
          "wasmcloud",
          "nixify",
          "flake-utils"
        ],
        "nixpkgs": [
          "wasmcloud",
          "nixify",
          "nixpkgs"
        ],
        "rust-overlay": [
          "wasmcloud",
          "nixify",
          "rust-overlay"
        ]
      },
      "locked": {
        "lastModified": 1681380356,
        "narHash": "sha256-YjO9N6QKIhoDCt67HBHPb7mM4mPgAs8+XV4uoCo7FGY=",
        "owner": "rvolosatovs",
        "repo": "crane",
        "rev": "5395efb0534e3405be794715ccf65504488cfb60",
        "type": "github"
      },
      "original": {
        "owner": "rvolosatovs",
        "ref": "feat/crate-types",
        "repo": "crane",
        "type": "github"
      }
    },
    "crane_4": {
      "inputs": {
        "flake-compat": "flake-compat_4",
        "flake-utils": [
          "wasmcloud",
          "nixify",
          "nix-log",
          "nixify",
          "flake-utils"
        ],
        "nixpkgs": [
          "wasmcloud",
          "nixify",
          "nix-log",
          "nixify",
          "nixpkgs"
        ],
        "rust-overlay": [
          "wasmcloud",
          "nixify",
          "nix-log",
          "nixify",
          "rust-overlay"
        ]
      },
      "locked": {
        "lastModified": 1679255352,
        "narHash": "sha256-nkGwGuNkhNrnN33S4HIDV5NzkzMLU5mNStRn9sZwq8c=",
        "owner": "rvolosatovs",
        "repo": "crane",
        "rev": "cec65880599a4ec6426186e24342e663464f5933",
        "type": "github"
      },
      "original": {
        "owner": "rvolosatovs",
        "ref": "feat/wit",
        "repo": "crane",
        "type": "github"
      }
    },
    "crane_5": {
      "inputs": {
        "flake-compat": "flake-compat_5",
        "flake-utils": [
          "wasmcloud",
          "wash",
          "nixify",
          "flake-utils"
        ],
        "nixpkgs": [
          "wasmcloud",
          "wash",
          "nixify",
          "nixpkgs"
        ],
        "rust-overlay": [
          "wasmcloud",
          "wash",
          "nixify",
          "rust-overlay"
        ]
      },
      "locked": {
        "lastModified": 1681380356,
        "narHash": "sha256-YjO9N6QKIhoDCt67HBHPb7mM4mPgAs8+XV4uoCo7FGY=",
        "owner": "rvolosatovs",
        "repo": "crane",
        "rev": "5395efb0534e3405be794715ccf65504488cfb60",
        "type": "github"
      },
      "original": {
        "owner": "rvolosatovs",
        "ref": "feat/crate-types",
        "repo": "crane",
        "type": "github"
      }
    },
    "crane_6": {
      "inputs": {
        "flake-compat": "flake-compat_6",
        "flake-utils": [
          "wasmcloud",
          "wash",
          "nixify",
          "nix-log",
          "nixify",
          "flake-utils"
        ],
        "nixpkgs": [
          "wasmcloud",
          "wash",
          "nixify",
          "nix-log",
          "nixify",
          "nixpkgs"
        ],
        "rust-overlay": [
          "wasmcloud",
          "wash",
          "nixify",
          "nix-log",
          "nixify",
          "rust-overlay"
        ]
      },
      "locked": {
        "lastModified": 1679255352,
        "narHash": "sha256-nkGwGuNkhNrnN33S4HIDV5NzkzMLU5mNStRn9sZwq8c=",
        "owner": "rvolosatovs",
        "repo": "crane",
        "rev": "cec65880599a4ec6426186e24342e663464f5933",
        "type": "github"
      },
      "original": {
        "owner": "rvolosatovs",
        "ref": "feat/wit",
        "repo": "crane",
        "type": "github"
      }
    },
    "crane_7": {
      "inputs": {
        "flake-compat": "flake-compat_7",
        "flake-utils": [
          "wasmcloud",
          "wit-deps",
          "nixify",
          "flake-utils"
        ],
        "nixpkgs": [
          "wasmcloud",
          "wit-deps",
          "nixify",
          "nixpkgs"
        ],
        "rust-overlay": [
          "wasmcloud",
          "wit-deps",
          "nixify",
          "rust-overlay"
        ]
      },
      "locked": {
        "lastModified": 1679255352,
        "narHash": "sha256-nkGwGuNkhNrnN33S4HIDV5NzkzMLU5mNStRn9sZwq8c=",
        "owner": "rvolosatovs",
        "repo": "crane",
        "rev": "cec65880599a4ec6426186e24342e663464f5933",
        "type": "github"
      },
      "original": {
        "owner": "rvolosatovs",
        "ref": "feat/wit",
        "repo": "crane",
        "type": "github"
      }
    },
    "fenix": {
      "inputs": {
        "nixpkgs": [
          "nixify",
          "nixpkgs"
        ],
        "rust-analyzer-src": "rust-analyzer-src"
      },
      "locked": {
        "lastModified": 1681280529,
        "narHash": "sha256-WDPFJQpnkFFpWW2OSiR0hfPovmpeP004DIq89q6GyLs=",
        "owner": "nix-community",
        "repo": "fenix",
        "rev": "0d8c62bb906470782a4aa36d93044e660088a3f8",
        "type": "github"
      },
      "original": {
        "owner": "nix-community",
        "repo": "fenix",
        "type": "github"
      }
    },
    "fenix_2": {
      "inputs": {
        "nixpkgs": [
          "nixify",
          "nix-log",
          "nixify",
          "nixpkgs"
        ],
        "rust-analyzer-src": "rust-analyzer-src_2"
      },
      "locked": {
        "lastModified": 1679552560,
        "narHash": "sha256-L9Se/F1iLQBZFGrnQJO8c9wE5z0Mf8OiycPGP9Y96hA=",
        "owner": "nix-community",
        "repo": "fenix",
        "rev": "fb49a9f5605ec512da947a21cc7e4551a3950397",
        "type": "github"
      },
      "original": {
        "owner": "nix-community",
        "repo": "fenix",
        "type": "github"
      }
    },
    "fenix_3": {
      "inputs": {
        "nixpkgs": "nixpkgs_3",
        "rust-analyzer-src": "rust-analyzer-src_3"
      },
      "locked": {
        "lastModified": 1682038649,
        "narHash": "sha256-HwGwWLMKdIT24xhDf+mRoCehA8yUlLmuJgS9JeMt4IM=",
        "owner": "nix-community",
        "repo": "fenix",
        "rev": "37b3a6dad6d6060bd305eb7d3628d3b476c87bb6",
        "type": "github"
      },
      "original": {
        "owner": "nix-community",
        "ref": "monthly",
        "repo": "fenix",
        "type": "github"
      }
    },
    "fenix_4": {
      "inputs": {
        "nixpkgs": [
          "wasmcloud",
          "nixify",
          "nix-log",
          "nixify",
          "nixpkgs"
        ],
        "rust-analyzer-src": "rust-analyzer-src_4"
      },
      "locked": {
        "lastModified": 1679552560,
        "narHash": "sha256-L9Se/F1iLQBZFGrnQJO8c9wE5z0Mf8OiycPGP9Y96hA=",
        "owner": "nix-community",
        "repo": "fenix",
        "rev": "fb49a9f5605ec512da947a21cc7e4551a3950397",
        "type": "github"
      },
      "original": {
        "owner": "nix-community",
        "repo": "fenix",
        "type": "github"
      }
    },
    "fenix_5": {
      "inputs": {
        "nixpkgs": [
          "wasmcloud",
          "wash",
          "nixify",
          "nixpkgs"
        ],
        "rust-analyzer-src": "rust-analyzer-src_5"
      },
      "locked": {
        "lastModified": 1681280529,
        "narHash": "sha256-WDPFJQpnkFFpWW2OSiR0hfPovmpeP004DIq89q6GyLs=",
        "owner": "nix-community",
        "repo": "fenix",
        "rev": "0d8c62bb906470782a4aa36d93044e660088a3f8",
        "type": "github"
      },
      "original": {
        "owner": "nix-community",
        "repo": "fenix",
        "type": "github"
      }
    },
    "fenix_6": {
      "inputs": {
        "nixpkgs": [
          "wasmcloud",
          "wash",
          "nixify",
          "nix-log",
          "nixify",
          "nixpkgs"
        ],
        "rust-analyzer-src": "rust-analyzer-src_6"
      },
      "locked": {
        "lastModified": 1679552560,
        "narHash": "sha256-L9Se/F1iLQBZFGrnQJO8c9wE5z0Mf8OiycPGP9Y96hA=",
        "owner": "nix-community",
        "repo": "fenix",
        "rev": "fb49a9f5605ec512da947a21cc7e4551a3950397",
        "type": "github"
      },
      "original": {
        "owner": "nix-community",
        "repo": "fenix",
        "type": "github"
      }
    },
    "fenix_7": {
      "inputs": {
        "nixpkgs": [
          "wasmcloud",
          "wit-deps",
          "nixify",
          "nixpkgs"
        ],
        "rust-analyzer-src": "rust-analyzer-src_7"
      },
      "locked": {
        "lastModified": 1680762089,
        "narHash": "sha256-62lgi+xb+nn9H4O+ZIYNkHeQ8ryzstALKMJuoXiot0I=",
        "owner": "nix-community",
        "repo": "fenix",
        "rev": "5794e58068fb6a8eccad9e4ff77ffe1c08ded13c",
        "type": "github"
      },
      "original": {
        "owner": "nix-community",
        "repo": "fenix",
        "type": "github"
      }
    },
    "flake-compat": {
      "flake": false,
      "locked": {
        "lastModified": 1673956053,
        "narHash": "sha256-4gtG9iQuiKITOjNQQeQIpoIB6b16fm+504Ch3sNKLd8=",
        "owner": "edolstra",
        "repo": "flake-compat",
        "rev": "35bb57c0c8d8b62bbfd284272c928ceb64ddbde9",
        "type": "github"
      },
      "original": {
        "owner": "edolstra",
        "repo": "flake-compat",
        "type": "github"
      }
    },
    "flake-compat_2": {
      "flake": false,
      "locked": {
        "lastModified": 1673956053,
        "narHash": "sha256-4gtG9iQuiKITOjNQQeQIpoIB6b16fm+504Ch3sNKLd8=",
        "owner": "edolstra",
        "repo": "flake-compat",
        "rev": "35bb57c0c8d8b62bbfd284272c928ceb64ddbde9",
        "type": "github"
      },
      "original": {
        "owner": "edolstra",
        "repo": "flake-compat",
        "type": "github"
      }
    },
    "flake-compat_3": {
      "flake": false,
      "locked": {
        "lastModified": 1673956053,
        "narHash": "sha256-4gtG9iQuiKITOjNQQeQIpoIB6b16fm+504Ch3sNKLd8=",
        "owner": "edolstra",
        "repo": "flake-compat",
        "rev": "35bb57c0c8d8b62bbfd284272c928ceb64ddbde9",
        "type": "github"
      },
      "original": {
        "owner": "edolstra",
        "repo": "flake-compat",
        "type": "github"
      }
    },
    "flake-compat_4": {
      "flake": false,
      "locked": {
        "lastModified": 1673956053,
        "narHash": "sha256-4gtG9iQuiKITOjNQQeQIpoIB6b16fm+504Ch3sNKLd8=",
        "owner": "edolstra",
        "repo": "flake-compat",
        "rev": "35bb57c0c8d8b62bbfd284272c928ceb64ddbde9",
        "type": "github"
      },
      "original": {
        "owner": "edolstra",
        "repo": "flake-compat",
        "type": "github"
      }
    },
    "flake-compat_5": {
      "flake": false,
      "locked": {
        "lastModified": 1673956053,
        "narHash": "sha256-4gtG9iQuiKITOjNQQeQIpoIB6b16fm+504Ch3sNKLd8=",
        "owner": "edolstra",
        "repo": "flake-compat",
        "rev": "35bb57c0c8d8b62bbfd284272c928ceb64ddbde9",
        "type": "github"
      },
      "original": {
        "owner": "edolstra",
        "repo": "flake-compat",
        "type": "github"
      }
    },
    "flake-compat_6": {
      "flake": false,
      "locked": {
        "lastModified": 1673956053,
        "narHash": "sha256-4gtG9iQuiKITOjNQQeQIpoIB6b16fm+504Ch3sNKLd8=",
        "owner": "edolstra",
        "repo": "flake-compat",
        "rev": "35bb57c0c8d8b62bbfd284272c928ceb64ddbde9",
        "type": "github"
      },
      "original": {
        "owner": "edolstra",
        "repo": "flake-compat",
        "type": "github"
      }
    },
    "flake-compat_7": {
      "flake": false,
      "locked": {
        "lastModified": 1673956053,
        "narHash": "sha256-4gtG9iQuiKITOjNQQeQIpoIB6b16fm+504Ch3sNKLd8=",
        "owner": "edolstra",
        "repo": "flake-compat",
        "rev": "35bb57c0c8d8b62bbfd284272c928ceb64ddbde9",
        "type": "github"
      },
      "original": {
        "owner": "edolstra",
        "repo": "flake-compat",
        "type": "github"
      }
    },
    "flake-utils": {
      "inputs": {
        "systems": "systems"
      },
      "locked": {
        "lastModified": 1681202837,
        "narHash": "sha256-H+Rh19JDwRtpVPAWp64F+rlEtxUWBAQW28eAi3SRSzg=",
        "owner": "numtide",
        "repo": "flake-utils",
        "rev": "cfacdce06f30d2b68473a46042957675eebb3401",
        "type": "github"
      },
      "original": {
        "owner": "numtide",
        "repo": "flake-utils",
        "type": "github"
      }
    },
    "flake-utils_2": {
      "locked": {
        "lastModified": 1678901627,
        "narHash": "sha256-U02riOqrKKzwjsxc/400XnElV+UtPUQWpANPlyazjH0=",
        "owner": "numtide",
        "repo": "flake-utils",
        "rev": "93a2b84fc4b70d9e089d029deacc3583435c2ed6",
        "type": "github"
      },
      "original": {
        "owner": "numtide",
        "repo": "flake-utils",
        "type": "github"
      }
    },
    "flake-utils_3": {
      "inputs": {
        "systems": "systems_2"
      },
      "locked": {
        "lastModified": 1681202837,
        "narHash": "sha256-H+Rh19JDwRtpVPAWp64F+rlEtxUWBAQW28eAi3SRSzg=",
        "owner": "numtide",
        "repo": "flake-utils",
        "rev": "cfacdce06f30d2b68473a46042957675eebb3401",
        "type": "github"
      },
      "original": {
        "owner": "numtide",
        "repo": "flake-utils",
        "type": "github"
      }
    },
    "flake-utils_4": {
      "locked": {
        "lastModified": 1678901627,
        "narHash": "sha256-U02riOqrKKzwjsxc/400XnElV+UtPUQWpANPlyazjH0=",
        "owner": "numtide",
        "repo": "flake-utils",
        "rev": "93a2b84fc4b70d9e089d029deacc3583435c2ed6",
        "type": "github"
      },
      "original": {
        "owner": "numtide",
        "repo": "flake-utils",
        "type": "github"
      }
    },
    "flake-utils_5": {
      "inputs": {
        "systems": "systems_3"
      },
      "locked": {
        "lastModified": 1681202837,
        "narHash": "sha256-H+Rh19JDwRtpVPAWp64F+rlEtxUWBAQW28eAi3SRSzg=",
        "owner": "numtide",
        "repo": "flake-utils",
        "rev": "cfacdce06f30d2b68473a46042957675eebb3401",
        "type": "github"
      },
      "original": {
        "owner": "numtide",
        "repo": "flake-utils",
        "type": "github"
      }
    },
    "flake-utils_6": {
      "locked": {
        "lastModified": 1678901627,
        "narHash": "sha256-U02riOqrKKzwjsxc/400XnElV+UtPUQWpANPlyazjH0=",
        "owner": "numtide",
        "repo": "flake-utils",
        "rev": "93a2b84fc4b70d9e089d029deacc3583435c2ed6",
        "type": "github"
      },
      "original": {
        "owner": "numtide",
        "repo": "flake-utils",
        "type": "github"
      }
    },
    "flake-utils_7": {
      "locked": {
        "lastModified": 1680776469,
        "narHash": "sha256-3CXUDK/3q/kieWtdsYpDOBJw3Gw4Af6x+2EiSnIkNQw=",
        "owner": "numtide",
        "repo": "flake-utils",
        "rev": "411e8764155aa9354dbcd6d5faaeb97e9e3dce24",
        "type": "github"
      },
      "original": {
        "owner": "numtide",
        "repo": "flake-utils",
        "type": "github"
      }
    },
    "nix-filter": {
      "locked": {
        "lastModified": 1681154353,
        "narHash": "sha256-MCJ5FHOlbfQRFwN0brqPbCunLEVw05D/3sRVoNVt2tI=",
        "owner": "numtide",
        "repo": "nix-filter",
        "rev": "f529f42792ade8e32c4be274af6b6d60857fbee7",
        "type": "github"
      },
      "original": {
        "owner": "numtide",
        "repo": "nix-filter",
        "type": "github"
      }
    },
    "nix-filter_2": {
      "locked": {
        "lastModified": 1678109515,
        "narHash": "sha256-C2X+qC80K2C1TOYZT8nabgo05Dw2HST/pSn6s+n6BO8=",
        "owner": "numtide",
        "repo": "nix-filter",
        "rev": "aa9ff6ce4a7f19af6415fb3721eaa513ea6c763c",
        "type": "github"
      },
      "original": {
        "owner": "numtide",
        "repo": "nix-filter",
        "type": "github"
      }
    },
    "nix-filter_3": {
      "locked": {
        "lastModified": 1681154353,
        "narHash": "sha256-MCJ5FHOlbfQRFwN0brqPbCunLEVw05D/3sRVoNVt2tI=",
        "owner": "numtide",
        "repo": "nix-filter",
        "rev": "f529f42792ade8e32c4be274af6b6d60857fbee7",
        "type": "github"
      },
      "original": {
        "owner": "numtide",
        "repo": "nix-filter",
        "type": "github"
      }
    },
    "nix-filter_4": {
      "locked": {
        "lastModified": 1678109515,
        "narHash": "sha256-C2X+qC80K2C1TOYZT8nabgo05Dw2HST/pSn6s+n6BO8=",
        "owner": "numtide",
        "repo": "nix-filter",
        "rev": "aa9ff6ce4a7f19af6415fb3721eaa513ea6c763c",
        "type": "github"
      },
      "original": {
        "owner": "numtide",
        "repo": "nix-filter",
        "type": "github"
      }
    },
    "nix-filter_5": {
      "locked": {
        "lastModified": 1681154353,
        "narHash": "sha256-MCJ5FHOlbfQRFwN0brqPbCunLEVw05D/3sRVoNVt2tI=",
        "owner": "numtide",
        "repo": "nix-filter",
        "rev": "f529f42792ade8e32c4be274af6b6d60857fbee7",
        "type": "github"
      },
      "original": {
        "owner": "numtide",
        "repo": "nix-filter",
        "type": "github"
      }
    },
    "nix-filter_6": {
      "locked": {
        "lastModified": 1678109515,
        "narHash": "sha256-C2X+qC80K2C1TOYZT8nabgo05Dw2HST/pSn6s+n6BO8=",
        "owner": "numtide",
        "repo": "nix-filter",
        "rev": "aa9ff6ce4a7f19af6415fb3721eaa513ea6c763c",
        "type": "github"
      },
      "original": {
        "owner": "numtide",
        "repo": "nix-filter",
        "type": "github"
      }
    },
    "nix-filter_7": {
      "locked": {
        "lastModified": 1678109515,
        "narHash": "sha256-C2X+qC80K2C1TOYZT8nabgo05Dw2HST/pSn6s+n6BO8=",
        "owner": "numtide",
        "repo": "nix-filter",
        "rev": "aa9ff6ce4a7f19af6415fb3721eaa513ea6c763c",
        "type": "github"
      },
      "original": {
        "owner": "numtide",
        "repo": "nix-filter",
        "type": "github"
      }
    },
    "nix-flake-tests": {
      "locked": {
        "lastModified": 1677844186,
        "narHash": "sha256-ErJZ/Gs1rxh561CJeWP5bohA2IcTq1rDneu1WT6CVII=",
        "owner": "antifuchs",
        "repo": "nix-flake-tests",
        "rev": "bbd9216bd0f6495bb961a8eb8392b7ef55c67afb",
        "type": "github"
      },
      "original": {
        "owner": "antifuchs",
        "repo": "nix-flake-tests",
        "type": "github"
      }
    },
    "nix-flake-tests_2": {
      "locked": {
        "lastModified": 1677844186,
        "narHash": "sha256-ErJZ/Gs1rxh561CJeWP5bohA2IcTq1rDneu1WT6CVII=",
        "owner": "antifuchs",
        "repo": "nix-flake-tests",
        "rev": "bbd9216bd0f6495bb961a8eb8392b7ef55c67afb",
        "type": "github"
      },
      "original": {
        "owner": "antifuchs",
        "repo": "nix-flake-tests",
        "type": "github"
      }
    },
    "nix-flake-tests_3": {
      "locked": {
        "lastModified": 1677844186,
        "narHash": "sha256-ErJZ/Gs1rxh561CJeWP5bohA2IcTq1rDneu1WT6CVII=",
        "owner": "antifuchs",
        "repo": "nix-flake-tests",
        "rev": "bbd9216bd0f6495bb961a8eb8392b7ef55c67afb",
        "type": "github"
      },
      "original": {
        "owner": "antifuchs",
        "repo": "nix-flake-tests",
        "type": "github"
      }
    },
    "nix-flake-tests_4": {
      "locked": {
        "lastModified": 1677844186,
        "narHash": "sha256-ErJZ/Gs1rxh561CJeWP5bohA2IcTq1rDneu1WT6CVII=",
        "owner": "antifuchs",
        "repo": "nix-flake-tests",
        "rev": "bbd9216bd0f6495bb961a8eb8392b7ef55c67afb",
        "type": "github"
      },
      "original": {
        "owner": "antifuchs",
        "repo": "nix-flake-tests",
        "type": "github"
      }
    },
    "nix-log": {
      "inputs": {
        "nix-flake-tests": "nix-flake-tests",
        "nixify": "nixify_2",
        "nixlib": "nixlib_2"
      },
      "locked": {
        "lastModified": 1680772615,
        "narHash": "sha256-RgOhQ6Wf1REMOfGkn1wX1/2Yki9oidonPaFMv2k/eSs=",
        "owner": "rvolosatovs",
        "repo": "nix-log",
        "rev": "96e31031c7fbe028b0367fa568afaa4495f94218",
        "type": "github"
      },
      "original": {
        "owner": "rvolosatovs",
        "repo": "nix-log",
        "type": "github"
      }
    },
    "nix-log_2": {
      "inputs": {
        "nix-flake-tests": "nix-flake-tests_2",
        "nixify": "nixify_4",
        "nixlib": "nixlib_5"
      },
      "locked": {
        "lastModified": 1681933283,
        "narHash": "sha256-phDsQdaoUEI4DUTErR6Tz7lS0y3kXvDwwbqtxpzd0eo=",
        "owner": "rvolosatovs",
        "repo": "nix-log",
        "rev": "833d31e3c1a677eac81ba87e777afa5076071d66",
        "type": "github"
      },
      "original": {
        "owner": "rvolosatovs",
        "repo": "nix-log",
        "type": "github"
      }
    },
    "nix-log_3": {
      "inputs": {
        "nix-flake-tests": "nix-flake-tests_3",
        "nixify": "nixify_6",
        "nixlib": "nixlib_8"
      },
      "locked": {
        "lastModified": 1680772615,
        "narHash": "sha256-RgOhQ6Wf1REMOfGkn1wX1/2Yki9oidonPaFMv2k/eSs=",
        "owner": "rvolosatovs",
        "repo": "nix-log",
        "rev": "96e31031c7fbe028b0367fa568afaa4495f94218",
        "type": "github"
      },
      "original": {
        "owner": "rvolosatovs",
        "repo": "nix-log",
        "type": "github"
      }
    },
    "nix-log_4": {
      "inputs": {
        "nix-flake-tests": "nix-flake-tests_4",
        "nixify": [
          "wasmcloud",
          "wit-deps",
          "nixify"
        ],
        "nixlib": [
          "wasmcloud",
          "wit-deps",
          "nixlib"
        ]
      },
      "locked": {
        "lastModified": 1680772615,
        "narHash": "sha256-RgOhQ6Wf1REMOfGkn1wX1/2Yki9oidonPaFMv2k/eSs=",
        "owner": "rvolosatovs",
        "repo": "nix-log",
        "rev": "96e31031c7fbe028b0367fa568afaa4495f94218",
        "type": "github"
      },
      "original": {
        "owner": "rvolosatovs",
        "repo": "nix-log",
        "type": "github"
      }
    },
    "nixify": {
      "inputs": {
        "crane": "crane",
        "fenix": "fenix",
        "flake-utils": "flake-utils",
        "nix-filter": "nix-filter",
        "nix-log": "nix-log",
        "nixlib": "nixlib_3",
        "nixpkgs": "nixpkgs_2",
        "rust-overlay": "rust-overlay_2"
      },
      "locked": {
        "lastModified": 1683654123,
        "narHash": "sha256-XhxO62tGmjuii1q/iTWVlVFnUDYZCvrsxJgWZmq006M=",
        "owner": "rvolosatovs",
        "repo": "nixify",
        "rev": "bcf06ce2aea11c906d393a0c67ac81c7ce614a4c",
        "type": "github"
      },
      "original": {
        "owner": "rvolosatovs",
        "repo": "nixify",
        "type": "github"
      }
    },
    "nixify_2": {
      "inputs": {
        "crane": "crane_2",
        "fenix": "fenix_2",
        "flake-utils": "flake-utils_2",
        "nix-filter": "nix-filter_2",
        "nixlib": "nixlib",
        "nixpkgs": "nixpkgs",
        "rust-overlay": "rust-overlay"
      },
      "locked": {
        "lastModified": 1679748566,
        "narHash": "sha256-yA4yIJjNCOLoUh0py9S3SywwbPnd/6NPYbXad+JeOl0=",
        "owner": "rvolosatovs",
        "repo": "nixify",
        "rev": "80e823959511a42dfec4409fef406a14ae8240f3",
        "type": "github"
      },
      "original": {
        "owner": "rvolosatovs",
        "repo": "nixify",
        "type": "github"
      }
    },
    "nixify_3": {
      "inputs": {
        "advisory-db": "advisory-db",
        "crane": "crane_3",
        "fenix": [
          "wasmcloud",
          "fenix"
        ],
        "flake-utils": "flake-utils_3",
        "nix-filter": "nix-filter_3",
        "nix-log": "nix-log_2",
        "nixlib": "nixlib_6",
        "nixpkgs": "nixpkgs_5",
        "rust-overlay": "rust-overlay_4"
      },
      "locked": {
        "lastModified": 1685982784,
        "narHash": "sha256-cZRIrW5Hml8HUsgU2S5JDLF2/UAzx4TyNGKYFoLIbYU=",
        "owner": "rvolosatovs",
        "repo": "nixify",
        "rev": "c7bbb41424d383b2c39176cf54cdbab893a26b17",
        "type": "github"
      },
      "original": {
        "owner": "rvolosatovs",
        "repo": "nixify",
        "type": "github"
      }
    },
    "nixify_4": {
      "inputs": {
        "crane": "crane_4",
        "fenix": "fenix_4",
        "flake-utils": "flake-utils_4",
        "nix-filter": "nix-filter_4",
        "nixlib": "nixlib_4",
        "nixpkgs": "nixpkgs_4",
        "rust-overlay": "rust-overlay_3"
      },
      "locked": {
        "lastModified": 1679748566,
        "narHash": "sha256-yA4yIJjNCOLoUh0py9S3SywwbPnd/6NPYbXad+JeOl0=",
        "owner": "rvolosatovs",
        "repo": "nixify",
        "rev": "80e823959511a42dfec4409fef406a14ae8240f3",
        "type": "github"
      },
      "original": {
        "owner": "rvolosatovs",
        "repo": "nixify",
        "type": "github"
      }
    },
    "nixify_5": {
      "inputs": {
        "crane": "crane_5",
        "fenix": "fenix_5",
        "flake-utils": "flake-utils_5",
        "nix-filter": "nix-filter_5",
        "nix-log": "nix-log_3",
        "nixlib": "nixlib_9",
        "nixpkgs": "nixpkgs_7",
        "rust-overlay": "rust-overlay_6"
      },
      "locked": {
        "lastModified": 1683654123,
        "narHash": "sha256-XhxO62tGmjuii1q/iTWVlVFnUDYZCvrsxJgWZmq006M=",
        "owner": "rvolosatovs",
        "repo": "nixify",
        "rev": "bcf06ce2aea11c906d393a0c67ac81c7ce614a4c",
        "type": "github"
      },
      "original": {
        "owner": "rvolosatovs",
        "repo": "nixify",
        "type": "github"
      }
    },
    "nixify_6": {
      "inputs": {
        "crane": "crane_6",
        "fenix": "fenix_6",
        "flake-utils": "flake-utils_6",
        "nix-filter": "nix-filter_6",
        "nixlib": "nixlib_7",
        "nixpkgs": "nixpkgs_6",
        "rust-overlay": "rust-overlay_5"
      },
      "locked": {
        "lastModified": 1679748566,
        "narHash": "sha256-yA4yIJjNCOLoUh0py9S3SywwbPnd/6NPYbXad+JeOl0=",
        "owner": "rvolosatovs",
        "repo": "nixify",
        "rev": "80e823959511a42dfec4409fef406a14ae8240f3",
        "type": "github"
      },
      "original": {
        "owner": "rvolosatovs",
        "repo": "nixify",
        "type": "github"
      }
    },
    "nixify_7": {
      "inputs": {
        "crane": "crane_7",
        "fenix": "fenix_7",
        "flake-utils": "flake-utils_7",
        "nix-filter": "nix-filter_7",
        "nix-log": [
          "wasmcloud",
          "wit-deps",
          "nix-log"
        ],
        "nixlib": [
          "wasmcloud",
          "wit-deps",
          "nixlib"
        ],
        "nixpkgs": "nixpkgs_8",
        "rust-overlay": "rust-overlay_7"
      },
      "locked": {
        "lastModified": 1680800529,
        "narHash": "sha256-NB+owRTBx9g2EYrO7yGepX19nJVQAg7XTO/hH9PFUg0=",
        "owner": "rvolosatovs",
        "repo": "nixify",
        "rev": "3df7d15a90df4cf9ec57c6329b71f74eec4d47ac",
        "type": "github"
      },
      "original": {
        "owner": "rvolosatovs",
        "repo": "nixify",
        "type": "github"
      }
    },
    "nixlib": {
      "locked": {
        "lastModified": 1679187309,
        "narHash": "sha256-H8udmkg5wppL11d/05MMzOMryiYvc403axjDNZy1/TQ=",
        "owner": "nix-community",
        "repo": "nixpkgs.lib",
        "rev": "44214417fe4595438b31bdb9469be92536a61455",
        "type": "github"
      },
      "original": {
        "owner": "nix-community",
        "repo": "nixpkgs.lib",
        "type": "github"
      }
    },
    "nixlib_10": {
      "locked": {
        "lastModified": 1680397293,
        "narHash": "sha256-wBpJ73+tJ8fZSWb4tzNbAVahC4HSo2QG3nICDy4ExBQ=",
        "owner": "nix-community",
        "repo": "nixpkgs.lib",
        "rev": "b18d328214ca3c627d3cc3f51fd9d1397fdbcd7a",
        "type": "github"
      },
      "original": {
        "owner": "nix-community",
        "repo": "nixpkgs.lib",
        "type": "github"
      }
    },
    "nixlib_2": {
      "locked": {
        "lastModified": 1679791877,
        "narHash": "sha256-tTV1Mf0hPWIMtqyU16Kd2JUBDWvfHlDC9pF57vcbgpQ=",
        "owner": "nix-community",
        "repo": "nixpkgs.lib",
        "rev": "cc060ddbf652a532b54057081d5abd6144d01971",
        "type": "github"
      },
      "original": {
        "owner": "nix-community",
        "repo": "nixpkgs.lib",
        "type": "github"
      }
    },
    "nixlib_3": {
      "locked": {
        "lastModified": 1681001314,
        "narHash": "sha256-5sDnCLdrKZqxLPK4KA8+f4A3YKO/u6ElpMILvX0g72c=",
        "owner": "nix-community",
        "repo": "nixpkgs.lib",
        "rev": "367c0e1086a4eb4502b24d872cea2c7acdd557f4",
        "type": "github"
      },
      "original": {
        "owner": "nix-community",
        "repo": "nixpkgs.lib",
        "type": "github"
      }
    },
    "nixlib_4": {
      "locked": {
        "lastModified": 1679187309,
        "narHash": "sha256-H8udmkg5wppL11d/05MMzOMryiYvc403axjDNZy1/TQ=",
        "owner": "nix-community",
        "repo": "nixpkgs.lib",
        "rev": "44214417fe4595438b31bdb9469be92536a61455",
        "type": "github"
      },
      "original": {
        "owner": "nix-community",
        "repo": "nixpkgs.lib",
        "type": "github"
      }
    },
    "nixlib_5": {
      "locked": {
        "lastModified": 1679791877,
        "narHash": "sha256-tTV1Mf0hPWIMtqyU16Kd2JUBDWvfHlDC9pF57vcbgpQ=",
        "owner": "nix-community",
        "repo": "nixpkgs.lib",
        "rev": "cc060ddbf652a532b54057081d5abd6144d01971",
        "type": "github"
      },
      "original": {
        "owner": "nix-community",
        "repo": "nixpkgs.lib",
        "type": "github"
      }
    },
    "nixlib_6": {
      "locked": {
        "lastModified": 1681001314,
        "narHash": "sha256-5sDnCLdrKZqxLPK4KA8+f4A3YKO/u6ElpMILvX0g72c=",
        "owner": "nix-community",
        "repo": "nixpkgs.lib",
        "rev": "367c0e1086a4eb4502b24d872cea2c7acdd557f4",
        "type": "github"
      },
      "original": {
        "owner": "nix-community",
        "repo": "nixpkgs.lib",
        "type": "github"
      }
    },
    "nixlib_7": {
      "locked": {
        "lastModified": 1679187309,
        "narHash": "sha256-H8udmkg5wppL11d/05MMzOMryiYvc403axjDNZy1/TQ=",
        "owner": "nix-community",
        "repo": "nixpkgs.lib",
        "rev": "44214417fe4595438b31bdb9469be92536a61455",
        "type": "github"
      },
      "original": {
        "owner": "nix-community",
        "repo": "nixpkgs.lib",
        "type": "github"
      }
    },
    "nixlib_8": {
      "locked": {
        "lastModified": 1679791877,
        "narHash": "sha256-tTV1Mf0hPWIMtqyU16Kd2JUBDWvfHlDC9pF57vcbgpQ=",
        "owner": "nix-community",
        "repo": "nixpkgs.lib",
        "rev": "cc060ddbf652a532b54057081d5abd6144d01971",
        "type": "github"
      },
      "original": {
        "owner": "nix-community",
        "repo": "nixpkgs.lib",
        "type": "github"
      }
    },
    "nixlib_9": {
      "locked": {
        "lastModified": 1681001314,
        "narHash": "sha256-5sDnCLdrKZqxLPK4KA8+f4A3YKO/u6ElpMILvX0g72c=",
        "owner": "nix-community",
        "repo": "nixpkgs.lib",
        "rev": "367c0e1086a4eb4502b24d872cea2c7acdd557f4",
        "type": "github"
      },
      "original": {
        "owner": "nix-community",
        "repo": "nixpkgs.lib",
        "type": "github"
      }
    },
    "nixpkgs": {
      "locked": {
        "lastModified": 1679577639,
        "narHash": "sha256-7u7bsNP0ApBnLgsHVROQ5ytoMqustmMVMgtaFS/P7EU=",
        "owner": "nixos",
        "repo": "nixpkgs",
        "rev": "8f1bcd72727c5d4cd775545595d068be410f2a7e",
        "type": "github"
      },
      "original": {
        "owner": "nixos",
        "ref": "nixpkgs-22.11-darwin",
        "repo": "nixpkgs",
        "type": "github"
      }
    },
    "nixpkgs_2": {
      "locked": {
        "lastModified": 1681349002,
        "narHash": "sha256-9Ckc2WvSwuYrPfk3ZXgPasM1ir/cgs6UV0EpIWyPGZE=",
        "owner": "nixos",
        "repo": "nixpkgs",
        "rev": "2b1bba76a13ed39c7abc0a6e8f74f9e168cf3c7c",
        "type": "github"
      },
      "original": {
        "owner": "nixos",
        "ref": "nixpkgs-22.11-darwin",
        "repo": "nixpkgs",
        "type": "github"
      }
    },
    "nixpkgs_3": {
      "locked": {
        "lastModified": 1680213900,
        "narHash": "sha256-cIDr5WZIj3EkKyCgj/6j3HBH4Jj1W296z7HTcWj1aMA=",
        "owner": "nixos",
        "repo": "nixpkgs",
        "rev": "e3652e0735fbec227f342712f180f4f21f0594f2",
        "type": "github"
      },
      "original": {
        "owner": "nixos",
        "ref": "nixos-unstable",
        "repo": "nixpkgs",
        "type": "github"
      }
    },
    "nixpkgs_4": {
      "locked": {
        "lastModified": 1679577639,
        "narHash": "sha256-7u7bsNP0ApBnLgsHVROQ5ytoMqustmMVMgtaFS/P7EU=",
        "owner": "nixos",
        "repo": "nixpkgs",
        "rev": "8f1bcd72727c5d4cd775545595d068be410f2a7e",
        "type": "github"
      },
      "original": {
        "owner": "nixos",
        "ref": "nixpkgs-22.11-darwin",
        "repo": "nixpkgs",
        "type": "github"
      }
    },
    "nixpkgs_5": {
      "locked": {
        "lastModified": 1685314633,
        "narHash": "sha256-8LXBPqTQXl5ofkjpJ18JcbmLJ/lWDoMxtUwiDYv0wro=",
        "owner": "nixos",
        "repo": "nixpkgs",
        "rev": "c8a17ce7abc03c50cd072e9e6c9b389c5f61836b",
        "type": "github"
      },
      "original": {
        "owner": "nixos",
        "ref": "nixpkgs-22.11-darwin",
        "repo": "nixpkgs",
        "type": "github"
      }
    },
    "nixpkgs_6": {
      "locked": {
        "lastModified": 1679577639,
        "narHash": "sha256-7u7bsNP0ApBnLgsHVROQ5ytoMqustmMVMgtaFS/P7EU=",
        "owner": "nixos",
        "repo": "nixpkgs",
        "rev": "8f1bcd72727c5d4cd775545595d068be410f2a7e",
        "type": "github"
      },
      "original": {
        "owner": "nixos",
        "ref": "nixpkgs-22.11-darwin",
        "repo": "nixpkgs",
        "type": "github"
      }
    },
    "nixpkgs_7": {
      "locked": {
        "lastModified": 1681349002,
        "narHash": "sha256-9Ckc2WvSwuYrPfk3ZXgPasM1ir/cgs6UV0EpIWyPGZE=",
        "owner": "nixos",
        "repo": "nixpkgs",
        "rev": "2b1bba76a13ed39c7abc0a6e8f74f9e168cf3c7c",
        "type": "github"
      },
      "original": {
        "owner": "nixos",
        "ref": "nixpkgs-22.11-darwin",
        "repo": "nixpkgs",
        "type": "github"
      }
    },
    "nixpkgs_8": {
      "locked": {
        "lastModified": 1680665430,
        "narHash": "sha256-MTVhTukwza1Jlq2gECITZPFnhROmylP2uv3O3cSqQCE=",
        "owner": "nixos",
        "repo": "nixpkgs",
        "rev": "5233fd2ba76a3accb5aaa999c00509a11fd0793c",
        "type": "github"
      },
      "original": {
        "owner": "nixos",
        "ref": "nixpkgs-22.11-darwin",
        "repo": "nixpkgs",
        "type": "github"
      }
    },
    "root": {
      "inputs": {
        "nixify": "nixify",
        "wasmcloud": "wasmcloud"
      }
    },
    "rust-analyzer-src": {
      "flake": false,
      "locked": {
        "lastModified": 1681234995,
        "narHash": "sha256-QQxQAG5QZG8z/uRREhWnq4215Asl7Gh6a8zj7swDyP4=",
        "owner": "rust-lang",
        "repo": "rust-analyzer",
        "rev": "7501d3b721560637e27f904d9fce79182c41bef7",
        "type": "github"
      },
      "original": {
        "owner": "rust-lang",
        "ref": "nightly",
        "repo": "rust-analyzer",
        "type": "github"
      }
    },
    "rust-analyzer-src_2": {
      "flake": false,
      "locked": {
        "lastModified": 1679520343,
        "narHash": "sha256-AJGSGWRfoKWD5IVTu1wEsR990wHbX0kIaolPqNMEh0c=",
        "owner": "rust-lang",
        "repo": "rust-analyzer",
        "rev": "eb791f31e688ae00908eb75d4c704ef60c430a92",
        "type": "github"
      },
      "original": {
        "owner": "rust-lang",
        "ref": "nightly",
        "repo": "rust-analyzer",
        "type": "github"
      }
    },
    "rust-analyzer-src_3": {
      "flake": false,
      "locked": {
        "lastModified": 1680267680,
        "narHash": "sha256-atC3zkM5nBXdBFE1+Xoxpm/Ye42j/Rq12IR0qi5+/ao=",
        "owner": "rust-lang",
        "repo": "rust-analyzer",
        "rev": "853fb44a24b8d3341f52747caa949013121b24b4",
        "type": "github"
      },
      "original": {
        "owner": "rust-lang",
        "ref": "nightly",
        "repo": "rust-analyzer",
        "type": "github"
      }
    },
    "rust-analyzer-src_4": {
      "flake": false,
      "locked": {
        "lastModified": 1679520343,
        "narHash": "sha256-AJGSGWRfoKWD5IVTu1wEsR990wHbX0kIaolPqNMEh0c=",
        "owner": "rust-lang",
        "repo": "rust-analyzer",
        "rev": "eb791f31e688ae00908eb75d4c704ef60c430a92",
        "type": "github"
      },
      "original": {
        "owner": "rust-lang",
        "ref": "nightly",
        "repo": "rust-analyzer",
        "type": "github"
      }
    },
    "rust-analyzer-src_5": {
      "flake": false,
      "locked": {
        "lastModified": 1681234995,
        "narHash": "sha256-QQxQAG5QZG8z/uRREhWnq4215Asl7Gh6a8zj7swDyP4=",
        "owner": "rust-lang",
        "repo": "rust-analyzer",
        "rev": "7501d3b721560637e27f904d9fce79182c41bef7",
        "type": "github"
      },
      "original": {
        "owner": "rust-lang",
        "ref": "nightly",
        "repo": "rust-analyzer",
        "type": "github"
      }
    },
    "rust-analyzer-src_6": {
      "flake": false,
      "locked": {
        "lastModified": 1679520343,
        "narHash": "sha256-AJGSGWRfoKWD5IVTu1wEsR990wHbX0kIaolPqNMEh0c=",
        "owner": "rust-lang",
        "repo": "rust-analyzer",
        "rev": "eb791f31e688ae00908eb75d4c704ef60c430a92",
        "type": "github"
      },
      "original": {
        "owner": "rust-lang",
        "ref": "nightly",
        "repo": "rust-analyzer",
        "type": "github"
      }
    },
    "rust-analyzer-src_7": {
      "flake": false,
      "locked": {
        "lastModified": 1680727375,
        "narHash": "sha256-hb8AosuONAg0D9yoZ4VrBsjf5hINMYVLPEGekXF4qVE=",
        "owner": "rust-lang",
        "repo": "rust-analyzer",
        "rev": "ea22d245b671f97b820cf761108251c6292c3152",
        "type": "github"
      },
      "original": {
        "owner": "rust-lang",
        "ref": "nightly",
        "repo": "rust-analyzer",
        "type": "github"
      }
    },
    "rust-overlay": {
      "inputs": {
        "flake-utils": [
          "nixify",
          "nix-log",
          "nixify",
          "flake-utils"
        ],
        "nixpkgs": [
          "nixify",
          "nix-log",
          "nixify",
          "nixpkgs"
        ]
      },
      "locked": {
        "lastModified": 1679537973,
        "narHash": "sha256-R6borgcKeyMIjjPeeYsfo+mT8UdS+OwwbhhStdCfEjg=",
        "owner": "oxalica",
        "repo": "rust-overlay",
        "rev": "fbc7ae3f14d32e78c0e8d7865f865cc28a46b232",
        "type": "github"
      },
      "original": {
        "owner": "oxalica",
        "repo": "rust-overlay",
        "type": "github"
      }
    },
    "rust-overlay_2": {
      "inputs": {
        "flake-utils": [
          "nixify",
          "flake-utils"
        ],
        "nixpkgs": [
          "nixify",
          "nixpkgs"
        ]
      },
      "locked": {
        "lastModified": 1681352318,
        "narHash": "sha256-+kwy7bTsuW8GYrRqWRQ8T5hg6duZb5IJiHlKo1J+v9g=",
        "owner": "oxalica",
        "repo": "rust-overlay",
        "rev": "aeaa11c65a5c5cebaa51652353ab3c497b9a7bbf",
        "type": "github"
      },
      "original": {
        "owner": "oxalica",
        "repo": "rust-overlay",
        "type": "github"
      }
    },
    "rust-overlay_3": {
      "inputs": {
        "flake-utils": [
          "wasmcloud",
          "nixify",
          "nix-log",
          "nixify",
          "flake-utils"
        ],
        "nixpkgs": [
          "wasmcloud",
          "nixify",
          "nix-log",
          "nixify",
          "nixpkgs"
        ]
      },
      "locked": {
        "lastModified": 1679537973,
        "narHash": "sha256-R6borgcKeyMIjjPeeYsfo+mT8UdS+OwwbhhStdCfEjg=",
        "owner": "oxalica",
        "repo": "rust-overlay",
        "rev": "fbc7ae3f14d32e78c0e8d7865f865cc28a46b232",
        "type": "github"
      },
      "original": {
        "owner": "oxalica",
        "repo": "rust-overlay",
        "type": "github"
      }
    },
    "rust-overlay_4": {
      "inputs": {
        "flake-utils": [
          "wasmcloud",
          "nixify",
          "flake-utils"
        ],
        "nixpkgs": [
          "wasmcloud",
          "nixify",
          "nixpkgs"
        ]
      },
      "locked": {
        "lastModified": 1685413459,
        "narHash": "sha256-+ELexqS2yN0wj1WnmWdF24OfjRBIgTN6Ltcpjvp2dEo=",
        "owner": "oxalica",
        "repo": "rust-overlay",
        "rev": "9b3284e2412f76bd68ff46f8cf1c7af44d7ffac0",
        "type": "github"
      },
      "original": {
        "owner": "oxalica",
        "repo": "rust-overlay",
        "type": "github"
      }
    },
    "rust-overlay_5": {
      "inputs": {
        "flake-utils": [
          "wasmcloud",
          "wash",
          "nixify",
          "nix-log",
          "nixify",
          "flake-utils"
        ],
        "nixpkgs": [
          "wasmcloud",
          "wash",
          "nixify",
          "nix-log",
          "nixify",
          "nixpkgs"
        ]
      },
      "locked": {
        "lastModified": 1679537973,
        "narHash": "sha256-R6borgcKeyMIjjPeeYsfo+mT8UdS+OwwbhhStdCfEjg=",
        "owner": "oxalica",
        "repo": "rust-overlay",
        "rev": "fbc7ae3f14d32e78c0e8d7865f865cc28a46b232",
        "type": "github"
      },
      "original": {
        "owner": "oxalica",
        "repo": "rust-overlay",
        "type": "github"
      }
    },
    "rust-overlay_6": {
      "inputs": {
        "flake-utils": [
          "wasmcloud",
          "wash",
          "nixify",
          "flake-utils"
        ],
        "nixpkgs": [
          "wasmcloud",
          "wash",
          "nixify",
          "nixpkgs"
        ]
      },
      "locked": {
        "lastModified": 1681352318,
        "narHash": "sha256-+kwy7bTsuW8GYrRqWRQ8T5hg6duZb5IJiHlKo1J+v9g=",
        "owner": "oxalica",
        "repo": "rust-overlay",
        "rev": "aeaa11c65a5c5cebaa51652353ab3c497b9a7bbf",
        "type": "github"
      },
      "original": {
        "owner": "oxalica",
        "repo": "rust-overlay",
        "type": "github"
      }
    },
    "rust-overlay_7": {
      "inputs": {
        "flake-utils": [
          "wasmcloud",
          "wit-deps",
          "nixify",
          "flake-utils"
        ],
        "nixpkgs": [
          "wasmcloud",
          "wit-deps",
          "nixify",
          "nixpkgs"
        ]
      },
      "locked": {
        "lastModified": 1680747499,
        "narHash": "sha256-E9rcxSTsqRqNd4SD+D/4aqm3qfFyVw0S9YseCks7h+c=",
        "owner": "oxalica",
        "repo": "rust-overlay",
        "rev": "8ad3b5ee01a2074b54274216ff2cf0ab844a7426",
        "type": "github"
      },
      "original": {
        "owner": "oxalica",
        "repo": "rust-overlay",
        "type": "github"
      }
    },
    "systems": {
      "locked": {
        "lastModified": 1681028828,
        "narHash": "sha256-Vy1rq5AaRuLzOxct8nz4T6wlgyUR7zLU309k9mBC768=",
        "owner": "nix-systems",
        "repo": "default",
        "rev": "da67096a3b9bf56a91d16901293e51ba5b49a27e",
        "type": "github"
      },
      "original": {
        "owner": "nix-systems",
        "repo": "default",
        "type": "github"
      }
    },
    "systems_2": {
      "locked": {
        "lastModified": 1681028828,
        "narHash": "sha256-Vy1rq5AaRuLzOxct8nz4T6wlgyUR7zLU309k9mBC768=",
        "owner": "nix-systems",
        "repo": "default",
        "rev": "da67096a3b9bf56a91d16901293e51ba5b49a27e",
        "type": "github"
      },
      "original": {
        "owner": "nix-systems",
        "repo": "default",
        "type": "github"
      }
    },
    "systems_3": {
      "locked": {
        "lastModified": 1681028828,
        "narHash": "sha256-Vy1rq5AaRuLzOxct8nz4T6wlgyUR7zLU309k9mBC768=",
        "owner": "nix-systems",
        "repo": "default",
        "rev": "da67096a3b9bf56a91d16901293e51ba5b49a27e",
        "type": "github"
      },
      "original": {
        "owner": "nix-systems",
        "repo": "default",
        "type": "github"
      }
    },
    "wash": {
      "inputs": {
        "nixify": "nixify_5"
      },
      "locked": {
        "lastModified": 1686671515,
        "narHash": "sha256-YbtN940qncIOoS1CorbjApEtvJgui5ULGW2+ij5IDlY=",
        "owner": "wasmcloud",
        "repo": "wash",
        "rev": "1172806ea5a7e2a24d4570d76cf53f104a0d3e30",
        "type": "github"
      },
      "original": {
        "owner": "wasmcloud",
        "ref": "v0.18.0",
        "repo": "wash",
        "type": "github"
      }
    },
    "wasi-preview1-command-component-adapter": {
      "flake": false,
      "locked": {
        "narHash": "sha256-1/FwdzqQ9KaeFlVpyShegG59nKN5GHtRSmgbEvQuJ4o=",
        "type": "file",
        "url": "https://github.com/bytecodealliance/wasmtime/releases/download/v10.0.1/wasi_snapshot_preview1.command.wasm"
      },
      "original": {
        "type": "file",
        "url": "https://github.com/bytecodealliance/wasmtime/releases/download/v10.0.1/wasi_snapshot_preview1.command.wasm"
      }
    },
    "wasi-preview1-reactor-component-adapter": {
      "flake": false,
      "locked": {
        "narHash": "sha256-kjBuH6v/SHAWMyTz5Mize56w71tK+pehqDMD/MuJaEQ=",
        "type": "file",
        "url": "https://github.com/bytecodealliance/wasmtime/releases/download/v10.0.1/wasi_snapshot_preview1.reactor.wasm"
      },
      "original": {
        "type": "file",
        "url": "https://github.com/bytecodealliance/wasmtime/releases/download/v10.0.1/wasi_snapshot_preview1.reactor.wasm"
      }
    },
    "wasmcloud": {
      "inputs": {
        "fenix": "fenix_3",
        "nixify": "nixify_3",
        "wash": "wash",
        "wasi-preview1-command-component-adapter": "wasi-preview1-command-component-adapter",
        "wasi-preview1-reactor-component-adapter": "wasi-preview1-reactor-component-adapter",
        "wit-deps": "wit-deps"
      },
      "locked": {
        "lastModified": 1689703393,
        "narHash": "sha256-+1W2NCC8lewrCXvWf56HFOIffK9VOfr/S+fA4FEfuzk=",
        "owner": "wasmcloud",
        "repo": "wasmCloud",
        "rev": "ebcfdac5ea5f357d1e22f8d7668ef0a188b2a4e6",
        "type": "github"
      },
      "original": {
        "owner": "wasmcloud",
        "repo": "wasmCloud",
        "type": "github"
      }
    },
    "wit-deps": {
      "inputs": {
        "nix-log": "nix-log_4",
        "nixify": "nixify_7",
        "nixlib": "nixlib_10"
      },
      "locked": {
        "lastModified": 1685717506,
        "narHash": "sha256-Slz0RRLPufKADm8ouIIlkbmZ7ppOHXpkkgibmlPY2fo=",
        "owner": "bytecodealliance",
        "repo": "wit-deps",
        "rev": "102683fdbf01fe645ed425dbec9a0d9f5cbe7484",
        "type": "github"
      },
      "original": {
        "owner": "bytecodealliance",
        "ref": "v0.3.2",
        "repo": "wit-deps",
        "type": "github"
      }
    }
  },
  "root": "root",
  "version": 7
}
