[io]
url = "https://github.com/WebAssembly/wasi-io/archive/main.tar.gz"
sha256 = "8f927d374d71c7bd79b53f94631d9b3ddbc7093ae97bed018eeb32486e849b4b"
sha512 = "63959ac670bba0f008238f77d6fe0a1fc206e77c2df6e33323c62751ef424571ee8ac5951ca6a2d0c94c4173884032b97447394a302bd4c85c23329df58b150d"
deps = ["poll"]

[poll]
sha256 = "d4c27124f4c137eb538b5c92ba5858ed9042e11b24a2eef85d14becd0b7f55de"
sha512 = "422c01b273b4b1377ece6f2e4ba0dfc609ca8ef30a3e0be0e172e1303fcf7b3ca4c470f4dea6c51bdf114b0f5c871ebc4934dfe3bf217d66ea689748df2b1e55"
