# This file is automatically generated.
# It is not intended for manual editing.
version = 1

[[packages]]
name = "wasi:http"
registry = "wasi.dev"

[[packages.versions]]
requirement = "=0.2.1"
version = "0.2.1"
digest = "sha256:a2e003de97f144467a05a545d376207267e82abb18741505a6b87aa40f4b33db"

[[packages]]
name = "wasi:logging"
registry = "wasi.dev"

[[packages.versions]]
requirement = "=0.1.0-draft"
version = "0.1.0-draft"
digest = "sha256:09621a45b12b0a9cddc798517f778aac0e5ae4bd234077b3d70758d6cf625580"

[[packages]]
name = "wasmcloud:postgres"
registry = "wasmcloud.com"

[[packages.versions]]
requirement = "=0.1.1-draft"
version = "0.1.1-draft"
digest = "sha256:8bb72ea90cecb5c87e463da8c1a7642b61a44e6c7993fcab6112c03f44a9140a"
