[blobstore]
sha256 = "c8c2a48624fc4ef3ede596ab6c6440d5a452ba01e80583da16e278d5015a793b"
sha512 = "7da7b07241b23d1142d26cc019c9394000e8666e66d8a10ee0354e4aaf400c9a545e006c08e60bc80614a78bb561a0508f74ad7baddae24840adf76813cec389"

[blobstore-wrpc]
url = "https://github.com/wrpc/blobstore/archive/v0.1.0.tar.gz"
sha256 = "294ded60db2a447098e8485cf2e4e7027cff71957c22e5ff6b0245a3d84895de"
sha512 = "acb14e316884e969a1620ca38aced4b97bba08fc33779386d093e5040151776b13ea04cb208ccf5cc4820df67f5ebe43a6dacaeeb40458c2cc4326a816d08e61"
deps = ["blobstore", "io"]

[io]
sha256 = "7210e5653539a15478f894d4da24cc69d61924cbcba21d2804d69314a88e5a4c"
sha512 = "49184a1b0945a889abd52d25271172ed3dc2db6968fcdddb1bab7ee0081f4a3eeee0977ad2291126a37631c0d86eeea75d822fa8af224c422134500bf9f0f2bb"
