# This file is automatically generated.
# It is not intended for manual editing.
version = 1

[[packages]]
name = "wasi:http"
registry = "wasi.dev"

[[packages.versions]]
requirement = "=0.2.0"
version = "0.2.0"
digest = "sha256:5a568e6e2d60c1ce51220e1833cdd5b88db9f615720edc762a9b4a6f36b383bd"

[[packages]]
name = "wasmcloud:component-go"
registry = "wasmcloud.com"

[[packages.versions]]
requirement = "=0.1.0"
version = "0.1.0"
digest = "sha256:de3e9af7dedd0d9e882f68f1bee533c7af9c6a1947eb40cbf1ef6163b7d41784"
