[messaging]
url = "https://github.com/wasmCloud/messaging/archive/09f3b13faacb37f05ca31dc061cc1dd22a4a2821.tar.gz"
sha256 = "4cffc442b72e25ddfbc10e39f5c635a15b08866810decc88c14bcf665055395a"
sha512 = "400d61d0ee95616be0a228938c8d72ab0ba09e95a0e54e220e528505fa1127688598874449287c0ff102dfeb980fdc947921dfc98d7fc333309211b3db170294"
